
Microsoft Visual Studio Solution File, Format Version 12.00
# Visual Studio Version 17
VisualStudioVersion = 17.2.32210.308
MinimumVisualStudioVersion = 10.0.40219.1
Project("{2150E333-8FDC-42A3-9474-1A3956D46DE8}") = "src", "src", "{4BB319CA-FE86-4758-BA06-6523AD757FC5}"
EndProject
Project("{2150E333-8FDC-42A3-9474-1A3956D46DE8}") = "Test", "Test", "{68319E49-83A8-4B66-9061-B5E4153FF885}"
EndProject
Project("{2150E333-8FDC-42A3-9474-1A3956D46DE8}") = "Infrastructure", "Infrastructure", "{33B2A0F2-ED45-45B3-8A60-1BE5AFA9ADDC}"
EndProject
Project("{2150E333-8FDC-42A3-9474-1A3956D46DE8}") = "UI", "UI", "{5E2E9CFA-C6CC-46FF-94FD-8473672AA1A6}"
EndProject
Project("{2150E333-8FDC-42A3-9474-1A3956D46DE8}") = "Core", "Core", "{5BAD073C-867E-4E4D-9F88-2E0F50D6D894}"
EndProject
Project("{9A19103F-16F7-4668-BE54-9A1E7A4F7556}") = "Domain", "src\Core\Domain\Domain.csproj", "{9D9713DB-EE6C-4185-993A-D686845BE640}"
EndProject
Project("{9A19103F-16F7-4668-BE54-9A1E7A4F7556}") = "Application", "src\Core\Application\Application.csproj", "{0F5A88C4-4564-4C84-AE6F-332123E74399}"
EndProject
Project("{9A19103F-16F7-4668-BE54-9A1E7A4F7556}") = "Infrastructure", "Infrastructure\Infrastructure.csproj", "{4B43E98E-1FE9-4B38-A620-AA559CFB8BD0}"
EndProject
Project("{9A19103F-16F7-4668-BE54-9A1E7A4F7556}") = "Perisistences", "Perisistences\Perisistences.csproj", "{4594571C-52C2-4975-8014-821DC3B2154C}"
EndProject
Project("{2150E333-8FDC-42A3-9474-1A3956D46DE8}") = "Api", "Api", "{4C4A2014-56E1-4066-AAD2-95A70BBBC077}"
EndProject
Project("{9A19103F-16F7-4668-BE54-9A1E7A4F7556}") = "Api", "Api\Api\Api.csproj", "{AC059862-1157-4A75-B878-5D154860830D}"
EndProject
Global
	GlobalSection(SolutionConfigurationPlatforms) = preSolution
		Debug|Any CPU = Debug|Any CPU
		Release|Any CPU = Release|Any CPU
	EndGlobalSection
	GlobalSection(ProjectConfigurationPlatforms) = postSolution
		{9D9713DB-EE6C-4185-993A-D686845BE640}.Debug|Any CPU.ActiveCfg = Debug|Any CPU
		{9D9713DB-EE6C-4185-993A-D686845BE640}.Debug|Any CPU.Build.0 = Debug|Any CPU
		{9D9713DB-EE6C-4185-993A-D686845BE640}.Release|Any CPU.ActiveCfg = Release|Any CPU
		{9D9713DB-EE6C-4185-993A-D686845BE640}.Release|Any CPU.Build.0 = Release|Any CPU
		{0F5A88C4-4564-4C84-AE6F-332123E74399}.Debug|Any CPU.ActiveCfg = Debug|Any CPU
		{0F5A88C4-4564-4C84-AE6F-332123E74399}.Debug|Any CPU.Build.0 = Debug|Any CPU
		{0F5A88C4-4564-4C84-AE6F-332123E74399}.Release|Any CPU.ActiveCfg = Release|Any CPU
		{0F5A88C4-4564-4C84-AE6F-332123E74399}.Release|Any CPU.Build.0 = Release|Any CPU
		{4B43E98E-1FE9-4B38-A620-AA559CFB8BD0}.Debug|Any CPU.ActiveCfg = Debug|Any CPU
		{4B43E98E-1FE9-4B38-A620-AA559CFB8BD0}.Debug|Any CPU.Build.0 = Debug|Any CPU
		{4B43E98E-1FE9-4B38-A620-AA559CFB8BD0}.Release|Any CPU.ActiveCfg = Release|Any CPU
		{4B43E98E-1FE9-4B38-A620-AA559CFB8BD0}.Release|Any CPU.Build.0 = Release|Any CPU
		{4594571C-52C2-4975-8014-821DC3B2154C}.Debug|Any CPU.ActiveCfg = Debug|Any CPU
		{4594571C-52C2-4975-8014-821DC3B2154C}.Debug|Any CPU.Build.0 = Debug|Any CPU
		{4594571C-52C2-4975-8014-821DC3B2154C}.Release|Any CPU.ActiveCfg = Release|Any CPU
		{4594571C-52C2-4975-8014-821DC3B2154C}.Release|Any CPU.Build.0 = Release|Any CPU
		{AC059862-1157-4A75-B878-5D154860830D}.Debug|Any CPU.ActiveCfg = Debug|Any CPU
		{AC059862-1157-4A75-B878-5D154860830D}.Debug|Any CPU.Build.0 = Debug|Any CPU
		{AC059862-1157-4A75-B878-5D154860830D}.Release|Any CPU.ActiveCfg = Release|Any CPU
		{AC059862-1157-4A75-B878-5D154860830D}.Release|Any CPU.Build.0 = Release|Any CPU
	EndGlobalSection
	GlobalSection(SolutionProperties) = preSolution
		HideSolutionNode = FALSE
	EndGlobalSection
	GlobalSection(NestedProjects) = preSolution
		{33B2A0F2-ED45-45B3-8A60-1BE5AFA9ADDC} = {4BB319CA-FE86-4758-BA06-6523AD757FC5}
		{5E2E9CFA-C6CC-46FF-94FD-8473672AA1A6} = {4BB319CA-FE86-4758-BA06-6523AD757FC5}
		{5BAD073C-867E-4E4D-9F88-2E0F50D6D894} = {4BB319CA-FE86-4758-BA06-6523AD757FC5}
		{9D9713DB-EE6C-4185-993A-D686845BE640} = {5BAD073C-867E-4E4D-9F88-2E0F50D6D894}
		{0F5A88C4-4564-4C84-AE6F-332123E74399} = {5BAD073C-867E-4E4D-9F88-2E0F50D6D894}
		{4B43E98E-1FE9-4B38-A620-AA559CFB8BD0} = {33B2A0F2-ED45-45B3-8A60-1BE5AFA9ADDC}
		{4594571C-52C2-4975-8014-821DC3B2154C} = {33B2A0F2-ED45-45B3-8A60-1BE5AFA9ADDC}
		{4C4A2014-56E1-4066-AAD2-95A70BBBC077} = {4BB319CA-FE86-4758-BA06-6523AD757FC5}
		{AC059862-1157-4A75-B878-5D154860830D} = {4C4A2014-56E1-4066-AAD2-95A70BBBC077}
	EndGlobalSection
	GlobalSection(ExtensibilityGlobals) = postSolution
		SolutionGuid = {50D96732-F477-46B5-BA08-ABBBC3243A14}
	EndGlobalSection
EndGlobal
